
Microsoft Visual Studio Solution File, Format Version 12.00
# Visual Studio Version 16
VisualStudioVersion = 16.0.29806.167
MinimumVisualStudioVersion = 10.0.40219.1
Project("{FAE04EC0-301F-11D3-BF4B-00C04F79EFBC}") = "LoginForm", "LoginForm\LoginForm.csproj", "{3E794DA9-4DCB-4C81-A2A5-D078FC1F7026}"
EndProject
Global
	GlobalSection(SolutionConfigurationPlatforms) = preSolution
		Debug|Any CPU = Debug|Any CPU
		Release|Any CPU = Release|Any CPU
	EndGlobalSection
	GlobalSection(ProjectConfigurationPlatforms) = postSolution
		{3E794DA9-4DCB-4C81-A2A5-D078FC1F7026}.Debug|Any CPU.ActiveCfg = Debug|Any CPU
		{3E794DA9-4DCB-4C81-A2A5-D078FC1F7026}.Debug|Any CPU.Build.0 = Debug|Any CPU
		{3E794DA9-4DCB-4C81-A2A5-D078FC1F7026}.Release|Any CPU.ActiveCfg = Release|Any CPU
		{3E794DA9-4DCB-4C81-A2A5-D078FC1F7026}.Release|Any CPU.Build.0 = Release|Any CPU
	EndGlobalSection
	GlobalSection(SolutionProperties) = preSolution
		HideSolutionNode = FALSE
	EndGlobalSection
	GlobalSection(ExtensibilityGlobals) = postSolution
		SolutionGuid = {59682887-F817-45F7-8DA2-758D88673FAD}
	EndGlobalSection
EndGlobal
